
Microsoft Visual Studio Solution File, Format Version 12.00
# Visual Studio 15
VisualStudioVersion = 15.0.27004.2002
MinimumVisualStudioVersion = 10.0.40219.1
Project("{FAE04EC0-301F-11D3-BF4B-00C04F79EFBC}") = "GamePool.BLL.LogicContracts", "GamePool.BLL.LogicContracts\GamePool.BLL.LogicContracts.csproj", "{38D20BEF-D749-4956-B0DE-C5FEB09B2C05}"
EndProject
Project("{2150E333-8FDC-42A3-9474-1A3956D46DE8}") = "BLL", "BLL", "{E75E236D-FC30-4CF6-97D6-F7C8595C7C96}"
EndProject
Project("{2150E333-8FDC-42A3-9474-1A3956D46DE8}") = "Common", "Common", "{53F953B6-7B0D-4379-94BC-04193B04F949}"
EndProject
Project("{FAE04EC0-301F-11D3-BF4B-00C04F79EFBC}") = "GamePool.Common.Entities", "GamePool.Common.Entities\GamePool.Common.Entities.csproj", "{29094A55-6804-4A4A-8AB1-0337A35D7D26}"
EndProject
Project("{2150E333-8FDC-42A3-9474-1A3956D46DE8}") = "DAL", "DAL", "{2017A40F-0965-4561-BC69-A63FB76377D1}"
EndProject
Project("{FAE04EC0-301F-11D3-BF4B-00C04F79EFBC}") = "GamePool.DAL.DALContracts", "GamePool.DAL.DALContracts\GamePool.DAL.DALContracts.csproj", "{20DD23E1-1CCB-43AB-8416-577F7C58D0BE}"
EndProject
Project("{FAE04EC0-301F-11D3-BF4B-00C04F79EFBC}") = "GamePool.BLL.Core", "GamePool.BLL.Core\GamePool.BLL.Core.csproj", "{6A8392A2-4D12-414C-A8B7-E8E81873F3ED}"
EndProject
Project("{FAE04EC0-301F-11D3-BF4B-00C04F79EFBC}") = "GamePool.DAL.SqlDAL", "GamePool.DAL.SqlDAL\GamePool.DAL.SqlDAL.csproj", "{7AADB79F-539C-4CA0-8C0F-D7216F04BDBB}"
EndProject
Project("{2150E333-8FDC-42A3-9474-1A3956D46DE8}") = "PL", "PL", "{9345B931-2386-4045-BABE-79F268DCC8D3}"
EndProject
Project("{FAE04EC0-301F-11D3-BF4B-00C04F79EFBC}") = "GamePool.PL.MVC", "GamePool.PL.MVC\GamePool.PL.MVC.csproj", "{A4BB2211-AF0A-47A8-827D-6AAA14D3703B}"
EndProject
Project("{FAE04EC0-301F-11D3-BF4B-00C04F79EFBC}") = "GamePool.Common.NinjectApp", "GamePool.Common.NinjectApp\GamePool.Common.NinjectApp.csproj", "{4F0FE92A-F736-407B-9572-9EE949DB9585}"
EndProject
Global
	GlobalSection(SolutionConfigurationPlatforms) = preSolution
		Debug|Any CPU = Debug|Any CPU
		Release|Any CPU = Release|Any CPU
	EndGlobalSection
	GlobalSection(ProjectConfigurationPlatforms) = postSolution
		{38D20BEF-D749-4956-B0DE-C5FEB09B2C05}.Debug|Any CPU.ActiveCfg = Debug|Any CPU
		{38D20BEF-D749-4956-B0DE-C5FEB09B2C05}.Debug|Any CPU.Build.0 = Debug|Any CPU
		{38D20BEF-D749-4956-B0DE-C5FEB09B2C05}.Release|Any CPU.ActiveCfg = Release|Any CPU
		{38D20BEF-D749-4956-B0DE-C5FEB09B2C05}.Release|Any CPU.Build.0 = Release|Any CPU
		{29094A55-6804-4A4A-8AB1-0337A35D7D26}.Debug|Any CPU.ActiveCfg = Debug|Any CPU
		{29094A55-6804-4A4A-8AB1-0337A35D7D26}.Debug|Any CPU.Build.0 = Debug|Any CPU
		{29094A55-6804-4A4A-8AB1-0337A35D7D26}.Release|Any CPU.ActiveCfg = Release|Any CPU
		{29094A55-6804-4A4A-8AB1-0337A35D7D26}.Release|Any CPU.Build.0 = Release|Any CPU
		{20DD23E1-1CCB-43AB-8416-577F7C58D0BE}.Debug|Any CPU.ActiveCfg = Debug|Any CPU
		{20DD23E1-1CCB-43AB-8416-577F7C58D0BE}.Debug|Any CPU.Build.0 = Debug|Any CPU
		{20DD23E1-1CCB-43AB-8416-577F7C58D0BE}.Release|Any CPU.ActiveCfg = Release|Any CPU
		{20DD23E1-1CCB-43AB-8416-577F7C58D0BE}.Release|Any CPU.Build.0 = Release|Any CPU
		{6A8392A2-4D12-414C-A8B7-E8E81873F3ED}.Debug|Any CPU.ActiveCfg = Debug|Any CPU
		{6A8392A2-4D12-414C-A8B7-E8E81873F3ED}.Debug|Any CPU.Build.0 = Debug|Any CPU
		{6A8392A2-4D12-414C-A8B7-E8E81873F3ED}.Release|Any CPU.ActiveCfg = Release|Any CPU
		{6A8392A2-4D12-414C-A8B7-E8E81873F3ED}.Release|Any CPU.Build.0 = Release|Any CPU
		{7AADB79F-539C-4CA0-8C0F-D7216F04BDBB}.Debug|Any CPU.ActiveCfg = Debug|Any CPU
		{7AADB79F-539C-4CA0-8C0F-D7216F04BDBB}.Debug|Any CPU.Build.0 = Debug|Any CPU
		{7AADB79F-539C-4CA0-8C0F-D7216F04BDBB}.Release|Any CPU.ActiveCfg = Release|Any CPU
		{7AADB79F-539C-4CA0-8C0F-D7216F04BDBB}.Release|Any CPU.Build.0 = Release|Any CPU
		{A4BB2211-AF0A-47A8-827D-6AAA14D3703B}.Debug|Any CPU.ActiveCfg = Debug|Any CPU
		{A4BB2211-AF0A-47A8-827D-6AAA14D3703B}.Debug|Any CPU.Build.0 = Debug|Any CPU
		{A4BB2211-AF0A-47A8-827D-6AAA14D3703B}.Release|Any CPU.ActiveCfg = Release|Any CPU
		{A4BB2211-AF0A-47A8-827D-6AAA14D3703B}.Release|Any CPU.Build.0 = Release|Any CPU
		{4F0FE92A-F736-407B-9572-9EE949DB9585}.Debug|Any CPU.ActiveCfg = Debug|Any CPU
		{4F0FE92A-F736-407B-9572-9EE949DB9585}.Debug|Any CPU.Build.0 = Debug|Any CPU
		{4F0FE92A-F736-407B-9572-9EE949DB9585}.Release|Any CPU.ActiveCfg = Release|Any CPU
		{4F0FE92A-F736-407B-9572-9EE949DB9585}.Release|Any CPU.Build.0 = Release|Any CPU
	EndGlobalSection
	GlobalSection(SolutionProperties) = preSolution
		HideSolutionNode = FALSE
	EndGlobalSection
	GlobalSection(NestedProjects) = preSolution
		{38D20BEF-D749-4956-B0DE-C5FEB09B2C05} = {E75E236D-FC30-4CF6-97D6-F7C8595C7C96}
		{29094A55-6804-4A4A-8AB1-0337A35D7D26} = {53F953B6-7B0D-4379-94BC-04193B04F949}
		{20DD23E1-1CCB-43AB-8416-577F7C58D0BE} = {2017A40F-0965-4561-BC69-A63FB76377D1}
		{6A8392A2-4D12-414C-A8B7-E8E81873F3ED} = {E75E236D-FC30-4CF6-97D6-F7C8595C7C96}
		{7AADB79F-539C-4CA0-8C0F-D7216F04BDBB} = {2017A40F-0965-4561-BC69-A63FB76377D1}
		{A4BB2211-AF0A-47A8-827D-6AAA14D3703B} = {9345B931-2386-4045-BABE-79F268DCC8D3}
		{4F0FE92A-F736-407B-9572-9EE949DB9585} = {53F953B6-7B0D-4379-94BC-04193B04F949}
	EndGlobalSection
	GlobalSection(ExtensibilityGlobals) = postSolution
		SolutionGuid = {9AE76750-5DE2-4C70-88D9-6EF7D5AACF21}
	EndGlobalSection
EndGlobal
